{
    "_meta": {
        "hash": {
            "sha256": "eb31c25d05fa5ddf72ce24a81901fdbdd90b070be4b1f2cebeb0746a0376b79e"
        },
        "pipfile-spec": 6,
        "requires": {
            "python_version": "3.8"
        },
        "sources": [
            {
                "name": "pypi",
                "url": "https://pypi.org/simple",
                "verify_ssl": true
            }
        ]
    },
    "default": {
        "certifi": {
            "hashes": [
                "sha256:78884e7c1d4b00ce3cea67b44566851c4343c120abd683433ce934a68ea58872",
                "sha256:d62a0163eb4c2344ac042ab2bdf75399a71a2d8c7d47eac2e2ee91b9d6339569"
            ],
            "version": "==2021.10.8"
        },
        "charset-normalizer": {
            "hashes": [
                "sha256:876d180e9d7432c5d1dfd4c5d26b72f099d503e8fcc0feb7532c9289be60fcbd",
                "sha256:cb957888737fc0bbcd78e3df769addb41fd1ff8cf950dc9e7ad7793f1bf44455"
            ],
            "markers": "python_version >= '3'",
            "version": "==2.0.10"
        },
        "click": {
            "hashes": [
                "sha256:d2b5255c7c6349bc1bd1e59e08cd12acbbd63ce649f2588755783aa94dfb6b1a",
                "sha256:dacca89f4bfadd5de3d7489b7c8a566eee0d3676333fbb50030263894c38c0dc"
            ],
            "index": "pypi",
            "version": "==7.1.2"
        },
        "dacite": {
            "hashes": [
                "sha256:764c96e0304cb189628686689a163a6a3a8ce7bf3465f0a2d882a8b42f88108f",
                "sha256:f7f269647ede90f8702728eb7dcb972051511c81b853a93c962fbd31f1753b9f"
            ],
            "index": "pypi",
            "version": "==1.5.1"
        },
        "deprecated": {
            "hashes": [
                "sha256:43ac5335da90c31c24ba028af536a91d41d53f9e6901ddb021bcc572ce44e38d",
                "sha256:64756e3e14c8c5eea9795d93c524551432a0be75629f8f29e67ab8caf076c76d"
            ],
            "markers": "python_version >= '2.7' and python_version not in '3.0, 3.1, 3.2, 3.3'",
            "version": "==1.2.13"
        },
        "gitdb": {
            "hashes": [
                "sha256:8033ad4e853066ba6ca92050b9df2f89301b8fc8bf7e9324d412a63f8bf1a8fd",
                "sha256:bac2fd45c0a1c9cf619e63a90d62bdc63892ef92387424b855792a6cabe789aa"
            ],
            "markers": "python_version >= '3.6'",
            "version": "==4.0.9"
        },
        "gitpython": {
            "hashes": [
                "sha256:080bf8e2cf1a2b907634761c2eaefbe83b69930c94c66ad11b65a8252959f912",
                "sha256:1858f4fd089abe92ae465f01d5aaaf55e937eca565fb2c1fce35a51b5f85c910"
            ],
            "index": "pypi",
            "version": "==3.1.8"
        },
        "idna": {
            "hashes": [
                "sha256:84d9dd047ffa80596e0f246e2eab0b391788b0503584e8945f2368256d2735ff",
                "sha256:9d643ff0a55b762d5cdb124b8eaa99c66322e2157b69160bc32796e824360e6d"
            ],
            "markers": "python_version >= '3'",
            "version": "==3.3"
        },
        "pygithub": {
            "hashes": [
                "sha256:776befaddab9d8fddd525d52a6ca1ac228cf62b5b1e271836d766f4925e1452e",
                "sha256:8ad656bf79958e775ec59f7f5a3dbcbadac12147ae3dc42708b951064096af15"
            ],
            "index": "pypi",
            "version": "==1.53"
        },
        "pyjwt": {
            "hashes": [
                "sha256:b888b4d56f06f6dcd777210c334e69c737be74755d3e5e9ee3fe67dc18a0ee41",
                "sha256:e0c4bb8d9f0af0c7f5b1ec4c5036309617d03d56932877f2f7a0beeb5318322f"
            ],
            "markers": "python_version >= '3.6'",
            "version": "==2.3.0"
        },
        "pyyaml": {
            "hashes": [
                "sha256:06a0d7ba600ce0b2d2fe2e78453a470b5a6e000a985dd4a4e54e436cc36b0e97",
                "sha256:240097ff019d7c70a4922b6869d8a86407758333f02203e0fc6ff79c5dcede76",
                "sha256:4f4b913ca1a7319b33cfb1369e91e50354d6f07a135f3b901aca02aa95940bd2",
                "sha256:6034f55dab5fea9e53f436aa68fa3ace2634918e8b5994d82f3621c04ff5ed2e",
                "sha256:69f00dca373f240f842b2931fb2c7e14ddbacd1397d57157a9b005a6a9942648",
                "sha256:73f099454b799e05e5ab51423c7bcf361c58d3206fa7b0d555426b1f4d9a3eaf",
                "sha256:74809a57b329d6cc0fdccee6318f44b9b8649961fa73144a98735b0aaf029f1f",
                "sha256:7739fc0fa8205b3ee8808aea45e968bc90082c10aef6ea95e855e10abf4a37b2",
                "sha256:95f71d2af0ff4227885f7a6605c37fd53d3a106fcab511b8860ecca9fcf400ee",
                "sha256:ad9c67312c84def58f3c04504727ca879cb0013b2517c85a9a253f0cb6380c0a",
                "sha256:b8eac752c5e14d3eca0e6dd9199cd627518cb5ec06add0de9d32baeee6fe645d",
                "sha256:cc8955cfbfc7a115fa81d85284ee61147059a753344bc51098f3ccd69b0d7e0c",
                "sha256:d13155f591e6fcc1ec3b30685d50bf0711574e2c0dfffd7644babf8b5102ca1a"
            ],
            "index": "pypi",
            "version": "==5.3.1"
        },
        "requests": {
            "hashes": [
                "sha256:68d7c56fd5a8999887728ef304a6d12edc7be74f1cfa47714fc8b414525c9a61",
                "sha256:f22fa1e554c9ddfd16e6e41ac79759e17be9e492b3587efa038054674760e72d"
            ],
            "markers": "python_version >= '2.7' and python_version not in '3.0, 3.1, 3.2, 3.3, 3.4, 3.5'",
            "version": "==2.27.1"
        },
        "sanitized-package": {
            "editable": true,
            "path": "."
        },
        "smmap": {
            "hashes": [
                "sha256:2aba19d6a040e78d8b09de5c57e96207b09ed71d8e55ce0959eeee6c8e190d94",
                "sha256:c840e62059cd3be204b0c9c9f74be2c09d5648eddd4580d9314c3ecde0b30936"
            ],
            "markers": "python_version >= '3.6'",
            "version": "==5.0.0"
        },
        "tfr": {
            "editable": true,
            "path": "."
        },
        "urllib3": {
            "hashes": [
                "sha256:000ca7f471a233c2251c6c7023ee85305721bfdf18621ebff4fd17a8653427ed",
                "sha256:0e7c33d9a63e7ddfcb86780aac87befc2fbddf46c58dbb487e0855f7ceec283c"
            ],
            "markers": "python_version >= '2.7' and python_version not in '3.0, 3.1, 3.2, 3.3, 3.4' and python_version < '4'",
            "version": "==1.26.8"
        },
        "wrapt": {
            "hashes": [
                "sha256:086218a72ec7d986a3eddb7707c8c4526d677c7b35e355875a0fe2918b059179",
                "sha256:0877fe981fd76b183711d767500e6b3111378ed2043c145e21816ee589d91096",
                "sha256:0a017a667d1f7411816e4bf214646d0ad5b1da2c1ea13dec6c162736ff25a374",
                "sha256:0cb23d36ed03bf46b894cfec777eec754146d68429c30431c99ef28482b5c1df",
                "sha256:1fea9cd438686e6682271d36f3481a9f3636195578bab9ca3382e2f5f01fc185",
                "sha256:220a869982ea9023e163ba915077816ca439489de6d2c09089b219f4e11b6785",
                "sha256:25b1b1d5df495d82be1c9d2fad408f7ce5ca8a38085e2da41bb63c914baadff7",
                "sha256:2dded5496e8f1592ec27079b28b6ad2a1ef0b9296d270f77b8e4a3a796cf6909",
                "sha256:2ebdde19cd3c8cdf8df3fc165bc7827334bc4e353465048b36f7deeae8ee0918",
                "sha256:43e69ffe47e3609a6aec0fe723001c60c65305784d964f5007d5b4fb1bc6bf33",
                "sha256:46f7f3af321a573fc0c3586612db4decb7eb37172af1bc6173d81f5b66c2e068",
                "sha256:47f0a183743e7f71f29e4e21574ad3fa95676136f45b91afcf83f6a050914829",
                "sha256:498e6217523111d07cd67e87a791f5e9ee769f9241fcf8a379696e25806965af",
                "sha256:4b9c458732450ec42578b5642ac53e312092acf8c0bfce140ada5ca1ac556f79",
                "sha256:51799ca950cfee9396a87f4a1240622ac38973b6df5ef7a41e7f0b98797099ce",
                "sha256:5601f44a0f38fed36cc07db004f0eedeaadbdcec90e4e90509480e7e6060a5bc",
                "sha256:5f223101f21cfd41deec8ce3889dc59f88a59b409db028c469c9b20cfeefbe36",
                "sha256:610f5f83dd1e0ad40254c306f4764fcdc846641f120c3cf424ff57a19d5f7ade",
                "sha256:6a03d9917aee887690aa3f1747ce634e610f6db6f6b332b35c2dd89412912bca",
                "sha256:705e2af1f7be4707e49ced9153f8d72131090e52be9278b5dbb1498c749a1e32",
                "sha256:766b32c762e07e26f50d8a3468e3b4228b3736c805018e4b0ec8cc01ecd88125",
                "sha256:77416e6b17926d953b5c666a3cb718d5945df63ecf922af0ee576206d7033b5e",
                "sha256:778fd096ee96890c10ce96187c76b3e99b2da44e08c9e24d5652f356873f6709",
                "sha256:78dea98c81915bbf510eb6a3c9c24915e4660302937b9ae05a0947164248020f",
                "sha256:7dd215e4e8514004c8d810a73e342c536547038fb130205ec4bba9f5de35d45b",
                "sha256:7dde79d007cd6dfa65afe404766057c2409316135cb892be4b1c768e3f3a11cb",
                "sha256:81bd7c90d28a4b2e1df135bfbd7c23aee3050078ca6441bead44c42483f9ebfb",
                "sha256:85148f4225287b6a0665eef08a178c15097366d46b210574a658c1ff5b377489",
                "sha256:865c0b50003616f05858b22174c40ffc27a38e67359fa1495605f96125f76640",
                "sha256:87883690cae293541e08ba2da22cacaae0a092e0ed56bbba8d018cc486fbafbb",
                "sha256:8aab36778fa9bba1a8f06a4919556f9f8c7b33102bd71b3ab307bb3fecb21851",
                "sha256:8c73c1a2ec7c98d7eaded149f6d225a692caa1bd7b2401a14125446e9e90410d",
                "sha256:936503cb0a6ed28dbfa87e8fcd0a56458822144e9d11a49ccee6d9a8adb2ac44",
                "sha256:944b180f61f5e36c0634d3202ba8509b986b5fbaf57db3e94df11abee244ba13",
                "sha256:96b81ae75591a795d8c90edc0bfaab44d3d41ffc1aae4d994c5aa21d9b8e19a2",
                "sha256:981da26722bebb9247a0601e2922cedf8bb7a600e89c852d063313102de6f2cb",
                "sha256:ae9de71eb60940e58207f8e71fe113c639da42adb02fb2bcbcaccc1ccecd092b",
                "sha256:b73d4b78807bd299b38e4598b8e7bd34ed55d480160d2e7fdaabd9931afa65f9",
                "sha256:d4a5f6146cfa5c7ba0134249665acd322a70d1ea61732723c7d3e8cc0fa80755",
                "sha256:dd91006848eb55af2159375134d724032a2d1d13bcc6f81cd8d3ed9f2b8e846c",
                "sha256:e05e60ff3b2b0342153be4d1b597bbcfd8330890056b9619f4ad6b8d5c96a81a",
                "sha256:e6906d6f48437dfd80464f7d7af1740eadc572b9f7a4301e7dd3d65db285cacf",
                "sha256:e92d0d4fa68ea0c02d39f1e2f9cb5bc4b4a71e8c442207433d8db47ee79d7aa3",
                "sha256:e94b7d9deaa4cc7bac9198a58a7240aaf87fe56c6277ee25fa5b3aa1edebd229",
                "sha256:ea3e746e29d4000cd98d572f3ee2a6050a4f784bb536f4ac1f035987fc1ed83e",
                "sha256:ec7e20258ecc5174029a0f391e1b948bf2906cd64c198a9b8b281b811cbc04de",
                "sha256:ec9465dd69d5657b5d2fa6133b3e1e989ae27d29471a672416fd729b429eb554",
                "sha256:f122ccd12fdc69628786d0c947bdd9cb2733be8f800d88b5a37c57f1f1d73c10",
                "sha256:f99c0489258086308aad4ae57da9e8ecf9e1f3f30fa35d5e170b4d4896554d80",
                "sha256:f9c51d9af9abb899bd34ace878fbec8bf357b3194a10c4e8e0a25512826ef056",
                "sha256:fd76c47f20984b43d93de9a82011bb6e5f8325df6c9ed4d8310029a55fa361ea"
            ],
            "markers": "python_version >= '2.7' and python_version not in '3.0, 3.1, 3.2, 3.3, 3.4'",
            "version": "==1.13.3"
        }
    },
    "develop": {
        "attrs": {
            "hashes": [
                "sha256:2d27e3784d7a565d36ab851fe94887c5eccd6a463168875832a1be79c82828b4",
                "sha256:626ba8234211db98e869df76230a137c4c40a12d72445c45d5f5b716f076e2fd"
            ],
            "markers": "python_version >= '2.7' and python_version not in '3.0, 3.1, 3.2, 3.3, 3.4'",
            "version": "==21.4.0"
        },
        "backcall": {
            "hashes": [
                "sha256:5cbdbf27be5e7cfadb448baf0aa95508f91f2bbc6c6437cd9cd06e2a4c215e1e",
                "sha256:fbbce6a29f263178a1f7915c1940bde0ec2b2a967566fe1c65c1dfb7422bd255"
            ],
            "version": "==0.2.0"
        },
        "certifi": {
            "hashes": [
                "sha256:78884e7c1d4b00ce3cea67b44566851c4343c120abd683433ce934a68ea58872",
                "sha256:d62a0163eb4c2344ac042ab2bdf75399a71a2d8c7d47eac2e2ee91b9d6339569"
            ],
            "version": "==2021.10.8"
        },
        "cffi": {
            "hashes": [
                "sha256:00c878c90cb53ccfaae6b8bc18ad05d2036553e6d9d1d9dbcf323bbe83854ca3",
                "sha256:0104fb5ae2391d46a4cb082abdd5c69ea4eab79d8d44eaaf79f1b1fd806ee4c2",
                "sha256:06c48159c1abed75c2e721b1715c379fa3200c7784271b3c46df01383b593636",
                "sha256:0808014eb713677ec1292301ea4c81ad277b6cdf2fdd90fd540af98c0b101d20",
                "sha256:10dffb601ccfb65262a27233ac273d552ddc4d8ae1bf93b21c94b8511bffe728",
                "sha256:14cd121ea63ecdae71efa69c15c5543a4b5fbcd0bbe2aad864baca0063cecf27",
                "sha256:17771976e82e9f94976180f76468546834d22a7cc404b17c22df2a2c81db0c66",
                "sha256:181dee03b1170ff1969489acf1c26533710231c58f95534e3edac87fff06c443",
                "sha256:23cfe892bd5dd8941608f93348c0737e369e51c100d03718f108bf1add7bd6d0",
                "sha256:263cc3d821c4ab2213cbe8cd8b355a7f72a8324577dc865ef98487c1aeee2bc7",
                "sha256:2756c88cbb94231c7a147402476be2c4df2f6078099a6f4a480d239a8817ae39",
                "sha256:27c219baf94952ae9d50ec19651a687b826792055353d07648a5695413e0c605",
                "sha256:2a23af14f408d53d5e6cd4e3d9a24ff9e05906ad574822a10563efcef137979a",
                "sha256:31fb708d9d7c3f49a60f04cf5b119aeefe5644daba1cd2a0fe389b674fd1de37",
                "sha256:3415c89f9204ee60cd09b235810be700e993e343a408693e80ce7f6a40108029",
                "sha256:3773c4d81e6e818df2efbc7dd77325ca0dcb688116050fb2b3011218eda36139",
                "sha256:3b96a311ac60a3f6be21d2572e46ce67f09abcf4d09344c49274eb9e0bf345fc",
                "sha256:3f7d084648d77af029acb79a0ff49a0ad7e9d09057a9bf46596dac9514dc07df",
                "sha256:41d45de54cd277a7878919867c0f08b0cf817605e4eb94093e7516505d3c8d14",
                "sha256:4238e6dab5d6a8ba812de994bbb0a79bddbdf80994e4ce802b6f6f3142fcc880",
                "sha256:45db3a33139e9c8f7c09234b5784a5e33d31fd6907800b316decad50af323ff2",
                "sha256:45e8636704eacc432a206ac7345a5d3d2c62d95a507ec70d62f23cd91770482a",
                "sha256:4958391dbd6249d7ad855b9ca88fae690783a6be9e86df65865058ed81fc860e",
                "sha256:4a306fa632e8f0928956a41fa8e1d6243c71e7eb59ffbd165fc0b41e316b2474",
                "sha256:57e9ac9ccc3101fac9d6014fba037473e4358ef4e89f8e181f8951a2c0162024",
                "sha256:59888172256cac5629e60e72e86598027aca6bf01fa2465bdb676d37636573e8",
                "sha256:5e069f72d497312b24fcc02073d70cb989045d1c91cbd53979366077959933e0",
                "sha256:64d4ec9f448dfe041705426000cc13e34e6e5bb13736e9fd62e34a0b0c41566e",
                "sha256:6dc2737a3674b3e344847c8686cf29e500584ccad76204efea14f451d4cc669a",
                "sha256:74fdfdbfdc48d3f47148976f49fab3251e550a8720bebc99bf1483f5bfb5db3e",
                "sha256:75e4024375654472cc27e91cbe9eaa08567f7fbdf822638be2814ce059f58032",
                "sha256:786902fb9ba7433aae840e0ed609f45c7bcd4e225ebb9c753aa39725bb3e6ad6",
                "sha256:8b6c2ea03845c9f501ed1313e78de148cd3f6cad741a75d43a29b43da27f2e1e",
                "sha256:91d77d2a782be4274da750752bb1650a97bfd8f291022b379bb8e01c66b4e96b",
                "sha256:91ec59c33514b7c7559a6acda53bbfe1b283949c34fe7440bcf917f96ac0723e",
                "sha256:920f0d66a896c2d99f0adbb391f990a84091179542c205fa53ce5787aff87954",
                "sha256:a5263e363c27b653a90078143adb3d076c1a748ec9ecc78ea2fb916f9b861962",
                "sha256:abb9a20a72ac4e0fdb50dae135ba5e77880518e742077ced47eb1499e29a443c",
                "sha256:c2051981a968d7de9dd2d7b87bcb9c939c74a34626a6e2f8181455dd49ed69e4",
                "sha256:c21c9e3896c23007803a875460fb786118f0cdd4434359577ea25eb556e34c55",
                "sha256:c2502a1a03b6312837279c8c1bd3ebedf6c12c4228ddbad40912d671ccc8a962",
                "sha256:d4d692a89c5cf08a8557fdeb329b82e7bf609aadfaed6c0d79f5a449a3c7c023",
                "sha256:da5db4e883f1ce37f55c667e5c0de439df76ac4cb55964655906306918e7363c",
                "sha256:e7022a66d9b55e93e1a845d8c9eba2a1bebd4966cd8bfc25d9cd07d515b33fa6",
                "sha256:ef1f279350da2c586a69d32fc8733092fd32cc8ac95139a00377841f59a3f8d8",
                "sha256:f54a64f8b0c8ff0b64d18aa76675262e1700f3995182267998c31ae974fbc382",
                "sha256:f5c7150ad32ba43a07c4479f40241756145a1f03b43480e058cfd862bf5041c7",
                "sha256:f6f824dc3bce0edab5f427efcfb1d63ee75b6fcb7282900ccaf925be84efb0fc",
                "sha256:fd8a250edc26254fe5b33be00402e6d287f562b6a5b2152dec302fa15bb3e997",
                "sha256:ffaa5c925128e29efbde7301d8ecaf35c8c60ffbcd6a1ffd3a552177c8e5e796"
            ],
            "version": "==1.15.0"
        },
        "charset-normalizer": {
            "hashes": [
                "sha256:876d180e9d7432c5d1dfd4c5d26b72f099d503e8fcc0feb7532c9289be60fcbd",
                "sha256:cb957888737fc0bbcd78e3df769addb41fd1ff8cf950dc9e7ad7793f1bf44455"
            ],
            "markers": "python_version >= '3'",
            "version": "==2.0.10"
        },
        "click": {
            "hashes": [
                "sha256:d2b5255c7c6349bc1bd1e59e08cd12acbbd63ce649f2588755783aa94dfb6b1a",
                "sha256:dacca89f4bfadd5de3d7489b7c8a566eee0d3676333fbb50030263894c38c0dc"
            ],
            "index": "pypi",
            "version": "==7.1.2"
        },
        "dacite": {
            "hashes": [
                "sha256:764c96e0304cb189628686689a163a6a3a8ce7bf3465f0a2d882a8b42f88108f",
                "sha256:f7f269647ede90f8702728eb7dcb972051511c81b853a93c962fbd31f1753b9f"
            ],
            "index": "pypi",
            "version": "==1.5.1"
        },
        "decorator": {
            "hashes": [
                "sha256:637996211036b6385ef91435e4fae22989472f9d571faba8927ba8253acbc330",
                "sha256:b8c3f85900b9dc423225913c5aace94729fe1fa9763b38939a95226f02d37186"
            ],
            "markers": "python_version >= '3.5'",
            "version": "==5.1.1"
        },
        "deprecated": {
            "hashes": [
                "sha256:43ac5335da90c31c24ba028af536a91d41d53f9e6901ddb021bcc572ce44e38d",
                "sha256:64756e3e14c8c5eea9795d93c524551432a0be75629f8f29e67ab8caf076c76d"
            ],
            "markers": "python_version >= '2.7' and python_version not in '3.0, 3.1, 3.2, 3.3'",
            "version": "==1.2.13"
        },
        "gitdb": {
            "hashes": [
                "sha256:8033ad4e853066ba6ca92050b9df2f89301b8fc8bf7e9324d412a63f8bf1a8fd",
                "sha256:bac2fd45c0a1c9cf619e63a90d62bdc63892ef92387424b855792a6cabe789aa"
            ],
            "markers": "python_version >= '3.6'",
            "version": "==4.0.9"
        },
        "gitpython": {
            "hashes": [
                "sha256:080bf8e2cf1a2b907634761c2eaefbe83b69930c94c66ad11b65a8252959f912",
                "sha256:1858f4fd089abe92ae465f01d5aaaf55e937eca565fb2c1fce35a51b5f85c910"
            ],
            "index": "pypi",
            "version": "==3.1.8"
        },
        "idna": {
            "hashes": [
                "sha256:84d9dd047ffa80596e0f246e2eab0b391788b0503584e8945f2368256d2735ff",
                "sha256:9d643ff0a55b762d5cdb124b8eaa99c66322e2157b69160bc32796e824360e6d"
            ],
            "markers": "python_version >= '3'",
            "version": "==3.3"
        },
        "iniconfig": {
            "hashes": [
                "sha256:011e24c64b7f47f6ebd835bb12a743f2fbe9a26d4cecaa7f53bc4f35ee9da8b3",
                "sha256:bc3af051d7d14b2ee5ef9969666def0cd1a000e121eaea580d4a313df4b37f32"
            ],
            "version": "==1.1.1"
        },
        "ipdb": {
            "hashes": [
                "sha256:d6f46d261c45a65e65a2f7ec69288a1c511e16206edb2875e7ec6b2f66997e78"
            ],
            "index": "pypi",
            "version": "==0.13.3"
        },
        "ipython": {
            "hashes": [
                "sha256:55df3e0bd0f94e715abd968bedd89d4e8a7bce4bf498fb123fed4f5398fea874",
                "sha256:b5548ec5329a4bcf054a5deed5099b0f9622eb9ea51aaa7104d215fece201d8c"
            ],
            "index": "pypi",
            "version": "==7.31.1"
        },
        "jedi": {
            "hashes": [
                "sha256:637c9635fcf47945ceb91cd7f320234a7be540ded6f3e99a50cb6febdfd1ba8d",
                "sha256:74137626a64a99c8eb6ae5832d99b3bdd7d29a3850fe2aa80a4126b2a7d949ab"
            ],
            "markers": "python_version >= '3.6'",
            "version": "==0.18.1"
        },
        "matplotlib-inline": {
            "hashes": [
                "sha256:a04bfba22e0d1395479f866853ec1ee28eea1485c1d69a6faf00dc3e24ff34ee",
                "sha256:aed605ba3b72462d64d475a21a9296f400a19c4f74a31b59103d2a99ffd5aa5c"
            ],
            "markers": "python_version >= '3.5'",
            "version": "==0.1.3"
        },
        "more-itertools": {
            "hashes": [
                "sha256:43e6dd9942dffd72661a2c4ef383ad7da1e6a3e968a927ad7a6083ab410a688b",
                "sha256:7dc6ad46f05f545f900dd59e8dfb4e84a4827b97b3cfecb175ea0c7d247f6064"
            ],
            "markers": "python_version >= '3.5'",
            "version": "==8.12.0"
        },
        "mypy": {
            "hashes": [
                "sha256:2c6cde8aa3426c1682d35190b59b71f661237d74b053822ea3d748e2c9578a7c",
                "sha256:3fdda71c067d3ddfb21da4b80e2686b71e9e5c72cca65fa216d207a358827f86",
                "sha256:5dd13ff1f2a97f94540fd37a49e5d255950ebcdf446fb597463a40d0df3fac8b",
                "sha256:6731603dfe0ce4352c555c6284c6db0dc935b685e9ce2e4cf220abe1e14386fd",
                "sha256:6bb93479caa6619d21d6e7160c552c1193f6952f0668cdda2f851156e85186fc",
                "sha256:81c7908b94239c4010e16642c9102bfc958ab14e36048fa77d0be3289dda76ea",
                "sha256:9c7a9a7ceb2871ba4bac1cf7217a7dd9ccd44c27c2950edbc6dc08530f32ad4e",
                "sha256:a4a2cbcfc4cbf45cd126f531dedda8485671545b43107ded25ce952aac6fb308",
                "sha256:b7fbfabdbcc78c4f6fc4712544b9b0d6bf171069c6e0e3cb82440dd10ced3406",
                "sha256:c05b9e4fb1d8a41d41dec8786c94f3b95d3c5f528298d769eb8e73d293abc48d",
                "sha256:d7df6eddb6054d21ca4d3c6249cae5578cb4602951fd2b6ee2f5510ffb098707",
                "sha256:e0b61738ab504e656d1fe4ff0c0601387a5489ca122d55390ade31f9ca0e252d",
                "sha256:eff7d4a85e9eea55afa34888dfeaccde99e7520b51f867ac28a48492c0b1130c",
                "sha256:f05644db6779387ccdb468cc47a44b4356fc2ffa9287135d05b70a98dc83b89a"
            ],
            "index": "pypi",
            "version": "==0.782"
        },
        "mypy-extensions": {
            "hashes": [
                "sha256:090fedd75945a69ae91ce1303b5824f428daf5a028d2f6ab8a299250a846f15d",
                "sha256:2d82818f5bb3e369420cb3c4060a7970edba416647068eb4c5343488a6c604a8"
            ],
            "version": "==0.4.3"
        },
        "packaging": {
            "hashes": [
                "sha256:dd47c42927d89ab911e606518907cc2d3a1f38bbd026385970643f9c5b8ecfeb",
                "sha256:ef103e05f519cdc783ae24ea4e2e0f508a9c99b2d4969652eed6a2e1ea5bd522"
            ],
            "markers": "python_version >= '3.6'",
            "version": "==21.3"
        },
        "parso": {
            "hashes": [
                "sha256:8c07be290bb59f03588915921e29e8a50002acaf2cdc5fa0e0114f91709fafa0",
                "sha256:c001d4636cd3aecdaf33cbb40aebb59b094be2a74c556778ef5576c175e19e75"
            ],
            "markers": "python_version >= '3.6'",
            "version": "==0.8.3"
        },
        "pexpect": {
            "hashes": [
                "sha256:0b48a55dcb3c05f3329815901ea4fc1537514d6ba867a152b581d69ae3710937",
                "sha256:fc65a43959d153d0114afe13997d439c22823a27cefceb5ff35c2178c6784c0c"
            ],
            "markers": "sys_platform != 'win32'",
            "version": "==4.8.0"
        },
        "pickleshare": {
            "hashes": [
                "sha256:87683d47965c1da65cdacaf31c8441d12b8044cdec9aca500cd78fc2c683afca",
                "sha256:9649af414d74d4df115d5d718f82acb59c9d418196b7b4290ed47a12ce62df56"
            ],
            "version": "==0.7.5"
        },
        "pluggy": {
            "hashes": [
                "sha256:15b2acde666561e1298d71b523007ed7364de07029219b604cf808bfa1c765b0",
                "sha256:966c145cd83c96502c3c3868f50408687b38434af77734af1e9ca461a4081d2d"
            ],
            "markers": "python_version >= '2.7' and python_version not in '3.0, 3.1, 3.2, 3.3'",
            "version": "==0.13.1"
        },
        "prompt-toolkit": {
            "hashes": [
                "sha256:1bb05628c7d87b645974a1bad3f17612be0c29fa39af9f7688030163f680bad6",
                "sha256:e56f2ff799bacecd3e88165b1e2f5ebf9bcd59e80e06d395fa0cc4b8bd7bb506"
            ],
            "markers": "python_full_version >= '3.6.2'",
            "version": "==3.0.24"
        },
        "ptyprocess": {
            "hashes": [
                "sha256:4b41f3967fce3af57cc7e94b888626c18bf37a083e3651ca8feeb66d492fef35",
                "sha256:5c5d0a3b48ceee0b48485e0c26037c0acd7d29765ca3fbb5cb3831d347423220"
            ],
            "version": "==0.7.0"
        },
        "py": {
            "hashes": [
                "sha256:51c75c4126074b472f746a24399ad32f6053d1b34b68d2fa41e558e6f4a98719",
                "sha256:607c53218732647dff4acdfcd50cb62615cedf612e72d1724fb1a0cc6405b378"
            ],
            "markers": "python_version >= '2.7' and python_version not in '3.0, 3.1, 3.2, 3.3, 3.4'",
            "version": "==1.11.0"
        },
        "pycparser": {
            "hashes": [
                "sha256:8ee45429555515e1f6b185e78100aea234072576aa43ab53aefcae078162fca9",
                "sha256:e644fdec12f7872f86c58ff790da456218b10f863970249516d60a5eaca77206"
            ],
            "version": "==2.21"
        },
        "pygithub": {
            "hashes": [
                "sha256:776befaddab9d8fddd525d52a6ca1ac228cf62b5b1e271836d766f4925e1452e",
                "sha256:8ad656bf79958e775ec59f7f5a3dbcbadac12147ae3dc42708b951064096af15"
            ],
            "index": "pypi",
            "version": "==1.53"
        },
        "pygments": {
            "hashes": [
                "sha256:44238f1b60a76d78fc8ca0528ee429702aae011c265fe6a8dd8b63049ae41c65",
                "sha256:4e426f72023d88d03b2fa258de560726ce890ff3b630f88c21cbb8b2503b8c6a"
            ],
            "markers": "python_version >= '3.5'",
            "version": "==2.11.2"
        },
        "pyjwt": {
            "hashes": [
                "sha256:b888b4d56f06f6dcd777210c334e69c737be74755d3e5e9ee3fe67dc18a0ee41",
                "sha256:e0c4bb8d9f0af0c7f5b1ec4c5036309617d03d56932877f2f7a0beeb5318322f"
            ],
            "markers": "python_version >= '3.6'",
            "version": "==2.3.0"
        },
        "pynacl": {
            "hashes": [
                "sha256:06b8f6fa7f5de8d5d2f7573fe8c863c051225a27b61e6860fd047b1775807858",
                "sha256:0c84947a22519e013607c9be43706dd42513f9e6ae5d39d3613ca1e142fba44d",
                "sha256:20f42270d27e1b6a29f54032090b972d97f0a1b0948cc52392041ef7831fee93",
                "sha256:401002a4aaa07c9414132aaed7f6836ff98f59277a234704ff66878c2ee4a0d1",
                "sha256:52cb72a79269189d4e0dc537556f4740f7f0a9ec41c1322598799b0bdad4ef92",
                "sha256:61f642bf2378713e2c2e1de73444a3778e5f0a38be6fee0fe532fe30060282ff",
                "sha256:8ac7448f09ab85811607bdd21ec2464495ac8b7c66d146bf545b0f08fb9220ba",
                "sha256:a36d4a9dda1f19ce6e03c9a784a2921a4b726b02e1c736600ca9c22029474394",
                "sha256:a422368fc821589c228f4c49438a368831cb5bbc0eab5ebe1d7fac9dded6567b",
                "sha256:e46dae94e34b085175f8abb3b0aaa7da40767865ac82c928eeb9e57e1ea8a543"
            ],
            "markers": "python_version >= '3.6'",
            "version": "==1.5.0"
        },
        "pyparsing": {
            "hashes": [
                "sha256:18ee9022775d270c55187733956460083db60b37d0d0fb357445f3094eed3eea",
                "sha256:a6c06a88f252e6c322f65faf8f418b16213b51bdfaece0524c1c1bc30c63c484"
            ],
            "markers": "python_version >= '3.6'",
            "version": "==3.0.7"
        },
        "pytest": {
            "hashes": [
                "sha256:85228d75db9f45e06e57ef9bf4429267f81ac7c0d742cc9ed63d09886a9fe6f4",
                "sha256:8b6007800c53fdacd5a5c192203f4e531eb2a1540ad9c752e052ec0f7143dbad"
            ],
            "index": "pypi",
            "version": "==6.0.1"
        },
        "pyyaml": {
            "hashes": [
                "sha256:06a0d7ba600ce0b2d2fe2e78453a470b5a6e000a985dd4a4e54e436cc36b0e97",
                "sha256:240097ff019d7c70a4922b6869d8a86407758333f02203e0fc6ff79c5dcede76",
                "sha256:4f4b913ca1a7319b33cfb1369e91e50354d6f07a135f3b901aca02aa95940bd2",
                "sha256:6034f55dab5fea9e53f436aa68fa3ace2634918e8b5994d82f3621c04ff5ed2e",
                "sha256:69f00dca373f240f842b2931fb2c7e14ddbacd1397d57157a9b005a6a9942648",
                "sha256:73f099454b799e05e5ab51423c7bcf361c58d3206fa7b0d555426b1f4d9a3eaf",
                "sha256:74809a57b329d6cc0fdccee6318f44b9b8649961fa73144a98735b0aaf029f1f",
                "sha256:7739fc0fa8205b3ee8808aea45e968bc90082c10aef6ea95e855e10abf4a37b2",
                "sha256:95f71d2af0ff4227885f7a6605c37fd53d3a106fcab511b8860ecca9fcf400ee",
                "sha256:ad9c67312c84def58f3c04504727ca879cb0013b2517c85a9a253f0cb6380c0a",
                "sha256:b8eac752c5e14d3eca0e6dd9199cd627518cb5ec06add0de9d32baeee6fe645d",
                "sha256:cc8955cfbfc7a115fa81d85284ee61147059a753344bc51098f3ccd69b0d7e0c",
                "sha256:d13155f591e6fcc1ec3b30685d50bf0711574e2c0dfffd7644babf8b5102ca1a"
            ],
            "index": "pypi",
            "version": "==5.3.1"
        },
        "requests": {
            "hashes": [
                "sha256:68d7c56fd5a8999887728ef304a6d12edc7be74f1cfa47714fc8b414525c9a61",
                "sha256:f22fa1e554c9ddfd16e6e41ac79759e17be9e492b3587efa038054674760e72d"
            ],
            "markers": "python_version >= '2.7' and python_version not in '3.0, 3.1, 3.2, 3.3, 3.4, 3.5'",
            "version": "==2.27.1"
        },
        "sanitized-package": {
            "editable": true,
            "path": "."
        },
        "setuptools": {
            "hashes": [
                "sha256:2404879cda71495fc4d5cbc445ed52fdaddf352b36e40be8dcc63147cb4edabe",
                "sha256:68eb94073fc486091447fcb0501efd6560a0e5a1839ba249e5ff3c4c93f05f90"
            ],
            "markers": "python_version >= '3.7'",
            "version": "==60.5.0"
        },
        "smmap": {
            "hashes": [
                "sha256:2aba19d6a040e78d8b09de5c57e96207b09ed71d8e55ce0959eeee6c8e190d94",
                "sha256:c840e62059cd3be204b0c9c9f74be2c09d5648eddd4580d9314c3ecde0b30936"
            ],
            "markers": "python_version >= '3.6'",
            "version": "==5.0.0"
        },
        "tfr": {
            "editable": true,
            "path": "."
        },
        "toml": {
            "hashes": [
                "sha256:806143ae5bfb6a3c6e736a764057db0e6a0e05e338b5630894a5f779cabb4f9b",
                "sha256:b3bda1d108d5dd99f4a20d24d9c348e91c4db7ab1b749200bded2f839ccbe68f"
            ],
            "markers": "python_version >= '2.6' and python_version not in '3.0, 3.1, 3.2, 3.3'",
            "version": "==0.10.2"
        },
        "traitlets": {
            "hashes": [
                "sha256:059f456c5a7c1c82b98c2e8c799f39c9b8128f6d0d46941ee118daace9eb70c7",
                "sha256:2d313cc50a42cd6c277e7d7dc8d4d7fedd06a2c215f78766ae7b1a66277e0033"
            ],
            "markers": "python_version >= '3.7'",
            "version": "==5.1.1"
        },
        "typed-ast": {
            "hashes": [
                "sha256:01ae5f73431d21eead5015997ab41afa53aa1fbe252f9da060be5dad2c730ace",
                "sha256:067a74454df670dcaa4e59349a2e5c81e567d8d65458d480a5b3dfecec08c5ff",
                "sha256:0fb71b8c643187d7492c1f8352f2c15b4c4af3f6338f21681d3681b3dc31a266",
                "sha256:1b3ead4a96c9101bef08f9f7d1217c096f31667617b58de957f690c92378b528",
                "sha256:2068531575a125b87a41802130fa7e29f26c09a2833fea68d9a40cf33902eba6",
                "sha256:209596a4ec71d990d71d5e0d312ac935d86930e6eecff6ccc7007fe54d703808",
                "sha256:2c726c276d09fc5c414693a2de063f521052d9ea7c240ce553316f70656c84d4",
                "sha256:398e44cd480f4d2b7ee8d98385ca104e35c81525dd98c519acff1b79bdaac363",
                "sha256:52b1eb8c83f178ab787f3a4283f68258525f8d70f778a2f6dd54d3b5e5fb4341",
                "sha256:5feca99c17af94057417d744607b82dd0a664fd5e4ca98061480fd8b14b18d04",
                "sha256:7538e495704e2ccda9b234b82423a4038f324f3a10c43bc088a1636180f11a41",
                "sha256:760ad187b1041a154f0e4d0f6aae3e40fdb51d6de16e5c99aedadd9246450e9e",
                "sha256:777a26c84bea6cd934422ac2e3b78863a37017618b6e5c08f92ef69853e765d3",
                "sha256:95431a26309a21874005845c21118c83991c63ea800dd44843e42a916aec5899",
                "sha256:9ad2c92ec681e02baf81fdfa056fe0d818645efa9af1f1cd5fd6f1bd2bdfd805",
                "sha256:9c6d1a54552b5330bc657b7ef0eae25d00ba7ffe85d9ea8ae6540d2197a3788c",
                "sha256:aee0c1256be6c07bd3e1263ff920c325b59849dc95392a05f258bb9b259cf39c",
                "sha256:af3d4a73793725138d6b334d9d247ce7e5f084d96284ed23f22ee626a7b88e39",
                "sha256:b36b4f3920103a25e1d5d024d155c504080959582b928e91cb608a65c3a49e1a",
                "sha256:b9574c6f03f685070d859e75c7f9eeca02d6933273b5e69572e5ff9d5e3931c3",
                "sha256:bff6ad71c81b3bba8fa35f0f1921fb24ff4476235a6e94a26ada2e54370e6da7",
                "sha256:c190f0899e9f9f8b6b7863debfb739abcb21a5c054f911ca3596d12b8a4c4c7f",
                "sha256:c907f561b1e83e93fad565bac5ba9c22d96a54e7ea0267c708bffe863cbe4075",
                "sha256:cae53c389825d3b46fb37538441f75d6aecc4174f615d048321b716df2757fb0",
                "sha256:dd4a21253f42b8d2b48410cb31fe501d32f8b9fbeb1f55063ad102fe9c425e40",
                "sha256:dde816ca9dac1d9c01dd504ea5967821606f02e510438120091b84e852367428",
                "sha256:f2362f3cb0f3172c42938946dbc5b7843c2a28aec307c49100c8b38764eb6927",
                "sha256:f328adcfebed9f11301eaedfa48e15bdece9b519fb27e6a8c01aa52a17ec31b3",
                "sha256:f8afcf15cc511ada719a88e013cec87c11aff7b91f019295eb4530f96fe5ef2f",
                "sha256:fb1bbeac803adea29cedd70781399c99138358c26d05fcbd23c13016b7f5ec65"
            ],
            "version": "==1.4.3"
        },
        "typing-extensions": {
            "hashes": [
                "sha256:4ca091dea149f945ec56afb48dae714f21e8692ef22a395223bcd328961b6a0e",
                "sha256:7f001e5ac290a0c0401508864c7ec868be4e701886d5b573a9528ed3973d9d3b"
            ],
            "markers": "python_version >= '3.6'",
            "version": "==4.0.1"
        },
        "urllib3": {
            "hashes": [
                "sha256:000ca7f471a233c2251c6c7023ee85305721bfdf18621ebff4fd17a8653427ed",
                "sha256:0e7c33d9a63e7ddfcb86780aac87befc2fbddf46c58dbb487e0855f7ceec283c"
            ],
            "markers": "python_version >= '2.7' and python_version not in '3.0, 3.1, 3.2, 3.3, 3.4' and python_version < '4'",
            "version": "==1.26.8"
        },
        "wcwidth": {
            "hashes": [
                "sha256:beb4802a9cebb9144e99086eff703a642a13d6a0052920003a230f3294bbe784",
                "sha256:c4d647b99872929fdb7bdcaa4fbe7f01413ed3d98077df798530e5b04f116c83"
            ],
            "version": "==0.2.5"
        },
        "wrapt": {
            "hashes": [
                "sha256:086218a72ec7d986a3eddb7707c8c4526d677c7b35e355875a0fe2918b059179",
                "sha256:0877fe981fd76b183711d767500e6b3111378ed2043c145e21816ee589d91096",
                "sha256:0a017a667d1f7411816e4bf214646d0ad5b1da2c1ea13dec6c162736ff25a374",
                "sha256:0cb23d36ed03bf46b894cfec777eec754146d68429c30431c99ef28482b5c1df",
                "sha256:1fea9cd438686e6682271d36f3481a9f3636195578bab9ca3382e2f5f01fc185",
                "sha256:220a869982ea9023e163ba915077816ca439489de6d2c09089b219f4e11b6785",
                "sha256:25b1b1d5df495d82be1c9d2fad408f7ce5ca8a38085e2da41bb63c914baadff7",
                "sha256:2dded5496e8f1592ec27079b28b6ad2a1ef0b9296d270f77b8e4a3a796cf6909",
                "sha256:2ebdde19cd3c8cdf8df3fc165bc7827334bc4e353465048b36f7deeae8ee0918",
                "sha256:43e69ffe47e3609a6aec0fe723001c60c65305784d964f5007d5b4fb1bc6bf33",
                "sha256:46f7f3af321a573fc0c3586612db4decb7eb37172af1bc6173d81f5b66c2e068",
                "sha256:47f0a183743e7f71f29e4e21574ad3fa95676136f45b91afcf83f6a050914829",
                "sha256:498e6217523111d07cd67e87a791f5e9ee769f9241fcf8a379696e25806965af",
                "sha256:4b9c458732450ec42578b5642ac53e312092acf8c0bfce140ada5ca1ac556f79",
                "sha256:51799ca950cfee9396a87f4a1240622ac38973b6df5ef7a41e7f0b98797099ce",
                "sha256:5601f44a0f38fed36cc07db004f0eedeaadbdcec90e4e90509480e7e6060a5bc",
                "sha256:5f223101f21cfd41deec8ce3889dc59f88a59b409db028c469c9b20cfeefbe36",
                "sha256:610f5f83dd1e0ad40254c306f4764fcdc846641f120c3cf424ff57a19d5f7ade",
                "sha256:6a03d9917aee887690aa3f1747ce634e610f6db6f6b332b35c2dd89412912bca",
                "sha256:705e2af1f7be4707e49ced9153f8d72131090e52be9278b5dbb1498c749a1e32",
                "sha256:766b32c762e07e26f50d8a3468e3b4228b3736c805018e4b0ec8cc01ecd88125",
                "sha256:77416e6b17926d953b5c666a3cb718d5945df63ecf922af0ee576206d7033b5e",
                "sha256:778fd096ee96890c10ce96187c76b3e99b2da44e08c9e24d5652f356873f6709",
                "sha256:78dea98c81915bbf510eb6a3c9c24915e4660302937b9ae05a0947164248020f",
                "sha256:7dd215e4e8514004c8d810a73e342c536547038fb130205ec4bba9f5de35d45b",
                "sha256:7dde79d007cd6dfa65afe404766057c2409316135cb892be4b1c768e3f3a11cb",
                "sha256:81bd7c90d28a4b2e1df135bfbd7c23aee3050078ca6441bead44c42483f9ebfb",
                "sha256:85148f4225287b6a0665eef08a178c15097366d46b210574a658c1ff5b377489",
                "sha256:865c0b50003616f05858b22174c40ffc27a38e67359fa1495605f96125f76640",
                "sha256:87883690cae293541e08ba2da22cacaae0a092e0ed56bbba8d018cc486fbafbb",
                "sha256:8aab36778fa9bba1a8f06a4919556f9f8c7b33102bd71b3ab307bb3fecb21851",
                "sha256:8c73c1a2ec7c98d7eaded149f6d225a692caa1bd7b2401a14125446e9e90410d",
                "sha256:936503cb0a6ed28dbfa87e8fcd0a56458822144e9d11a49ccee6d9a8adb2ac44",
                "sha256:944b180f61f5e36c0634d3202ba8509b986b5fbaf57db3e94df11abee244ba13",
                "sha256:96b81ae75591a795d8c90edc0bfaab44d3d41ffc1aae4d994c5aa21d9b8e19a2",
                "sha256:981da26722bebb9247a0601e2922cedf8bb7a600e89c852d063313102de6f2cb",
                "sha256:ae9de71eb60940e58207f8e71fe113c639da42adb02fb2bcbcaccc1ccecd092b",
                "sha256:b73d4b78807bd299b38e4598b8e7bd34ed55d480160d2e7fdaabd9931afa65f9",
                "sha256:d4a5f6146cfa5c7ba0134249665acd322a70d1ea61732723c7d3e8cc0fa80755",
                "sha256:dd91006848eb55af2159375134d724032a2d1d13bcc6f81cd8d3ed9f2b8e846c",
                "sha256:e05e60ff3b2b0342153be4d1b597bbcfd8330890056b9619f4ad6b8d5c96a81a",
                "sha256:e6906d6f48437dfd80464f7d7af1740eadc572b9f7a4301e7dd3d65db285cacf",
                "sha256:e92d0d4fa68ea0c02d39f1e2f9cb5bc4b4a71e8c442207433d8db47ee79d7aa3",
                "sha256:e94b7d9deaa4cc7bac9198a58a7240aaf87fe56c6277ee25fa5b3aa1edebd229",
                "sha256:ea3e746e29d4000cd98d572f3ee2a6050a4f784bb536f4ac1f035987fc1ed83e",
                "sha256:ec7e20258ecc5174029a0f391e1b948bf2906cd64c198a9b8b281b811cbc04de",
                "sha256:ec9465dd69d5657b5d2fa6133b3e1e989ae27d29471a672416fd729b429eb554",
                "sha256:f122ccd12fdc69628786d0c947bdd9cb2733be8f800d88b5a37c57f1f1d73c10",
                "sha256:f99c0489258086308aad4ae57da9e8ecf9e1f3f30fa35d5e170b4d4896554d80",
                "sha256:f9c51d9af9abb899bd34ace878fbec8bf357b3194a10c4e8e0a25512826ef056",
                "sha256:fd76c47f20984b43d93de9a82011bb6e5f8325df6c9ed4d8310029a55fa361ea"
            ],
            "markers": "python_version >= '2.7' and python_version not in '3.0, 3.1, 3.2, 3.3, 3.4'",
            "version": "==1.13.3"
        }
    }
}
